
Microsoft Visual Studio Solution File, Format Version 12.00
# Visual Studio Version 17
VisualStudioVersion = 17.1.32210.238
MinimumVisualStudioVersion = 10.0.40219.1
Project("{FAE04EC0-301F-11D3-BF4B-00C04F79EFBC}") = "WpfTheme", "WpfTheme\WpfTheme.csproj", "{D3D98F7A-1F38-4998-8013-DA4DDA97BC2D}"
EndProject
Project("{FAE04EC0-301F-11D3-BF4B-00C04F79EFBC}") = "Wpf.Demo", "Wpf.Demo\Wpf.Demo.csproj", "{2E051849-D3AA-4A55-AD3D-CA359010F953}"
EndProject
Global
	GlobalSection(SolutionConfigurationPlatforms) = preSolution
		Debug|Any CPU = Debug|Any CPU
		Release|Any CPU = Release|Any CPU
	EndGlobalSection
	GlobalSection(ProjectConfigurationPlatforms) = postSolution
		{D3D98F7A-1F38-4998-8013-DA4DDA97BC2D}.Debug|Any CPU.ActiveCfg = Debug|Any CPU
		{D3D98F7A-1F38-4998-8013-DA4DDA97BC2D}.Debug|Any CPU.Build.0 = Debug|Any CPU
		{D3D98F7A-1F38-4998-8013-DA4DDA97BC2D}.Release|Any CPU.ActiveCfg = Release|Any CPU
		{D3D98F7A-1F38-4998-8013-DA4DDA97BC2D}.Release|Any CPU.Build.0 = Release|Any CPU
		{2E051849-D3AA-4A55-AD3D-CA359010F953}.Debug|Any CPU.ActiveCfg = Debug|Any CPU
		{2E051849-D3AA-4A55-AD3D-CA359010F953}.Debug|Any CPU.Build.0 = Debug|Any CPU
		{2E051849-D3AA-4A55-AD3D-CA359010F953}.Release|Any CPU.ActiveCfg = Release|Any CPU
		{2E051849-D3AA-4A55-AD3D-CA359010F953}.Release|Any CPU.Build.0 = Release|Any CPU
	EndGlobalSection
	GlobalSection(SolutionProperties) = preSolution
		HideSolutionNode = FALSE
	EndGlobalSection
	GlobalSection(ExtensibilityGlobals) = postSolution
		SolutionGuid = {01211033-AE45-4526-B20E-C6D12018EC50}
	EndGlobalSection
EndGlobal
